PODS:
  - Bolts (1.9.0):
    - Bolts/AppLinks (= 1.9.0)
    - Bolts/Tasks (= 1.9.0)
  - Bolts/AppLinks (1.9.0):
    - Bolts/Tasks
  - Bolts/Tasks (1.9.0)
  - FBSDKCoreKit (4.38.0):
    - Bolts (~> 1.9)
  - FBSDKLoginKit (4.38.0):
    - FBSDKCoreKit
  - FBSDKShareKit (4.38.0):
    - FBSDKCoreKit
  - Flutter (1.0.0)
  - flutter_facebook_login (0.0.1):
    - FBSDKCoreKit (= 4.38.0)
    - FBSDKLoginKit (= 4.38.0)
    - FBSDKShareKit (= 4.38.0)
    - Flutter

DEPENDENCIES:
  - Flutter (from `/Users/mario/dev/flutter/bin/cache/artifacts/engine/ios`)
  - flutter_facebook_login (from `/Users/mario/dev/flutter_projects/flutter_facebook_login/ios`)

SPEC REPOS:
  https://github.com/cocoapods/specs.git:
    - Bolts
    - FBSDKCoreKit
    - FBSDKLoginKit
    - FBSDKShareKit

EXTERNAL SOURCES:
  Flutter:
    :path: "/Users/mario/dev/flutter/bin/cache/artifacts/engine/ios"
  flutter_facebook_login:
    :path: "/Users/mario/dev/flutter_projects/flutter_facebook_login/ios"

SPEC CHECKSUMS:
  Bolts: ac6567323eac61e203f6a9763667d0f711be34c8
  FBSDKCoreKit: 2ab7fdbf600dc6b628ba7a49aa29d357a7b4c74e
  FBSDKLoginKit: 634fa27e72e33620eb6389253337342c03d4a407
  FBSDKShareKit: 00290e3db446eed603ff80ac629dcc5e80cf8b74
  Flutter: 9d0fac939486c9aba2809b7982dfdbb47a7b0296
  flutter_facebook_login: fee1b8daaa6f6c83ad3ad0e3df34a8e052b45d4e

PODFILE CHECKSUM: 3098c51a7edbd004c9f2b45eca5eb135d6f3ff27

COCOAPODS: 1.5.3
